
Microsoft Visual Studio Solution File, Format Version 12.00
# Visual Studio Version 16
VisualStudioVersion = 16.0.28729.10
MinimumVisualStudioVersion = 10.0.40219.1
Project("{FAE04EC0-301F-11D3-BF4B-00C04F79EFBC}") = "DSIS", "DSIS\DSIS.csproj", "{68F28897-AF54-4872-9E8F-DFC967AF09E6}"
EndProject
Global
	GlobalSection(SolutionConfigurationPlatforms) = preSolution
		Debug|Any CPU = Debug|Any CPU
		Release|Any CPU = Release|Any CPU
	EndGlobalSection
	GlobalSection(ProjectConfigurationPlatforms) = postSolution
		{68F28897-AF54-4872-9E8F-DFC967AF09E6}.Debug|Any CPU.ActiveCfg = Debug|Any CPU
		{68F28897-AF54-4872-9E8F-DFC967AF09E6}.Debug|Any CPU.Build.0 = Debug|Any CPU
		{68F28897-AF54-4872-9E8F-DFC967AF09E6}.Release|Any CPU.ActiveCfg = Release|Any CPU
		{68F28897-AF54-4872-9E8F-DFC967AF09E6}.Release|Any CPU.Build.0 = Release|Any CPU
	EndGlobalSection
	GlobalSection(SolutionProperties) = preSolution
		HideSolutionNode = FALSE
	EndGlobalSection
	GlobalSection(ExtensibilityGlobals) = postSolution
		SolutionGuid = {6B3BB76E-7B72-4C81-8CEA-1474467D34E6}
	EndGlobalSection
EndGlobal
